// !$*UTF8*$!
{
	archiveVersion = 1;
	classes = {
	};
	objectVersion = 54;
	objects = {

/* Begin PBXBuildFile section */
		00E356F31AD99517003FC87E /* groupinappcenterTests.m in Sources */ = {isa = PBXBuildFile; fileRef = 00E356F21AD99517003FC87E /* groupinappcenterTests.m */; };
		13B07FBC1A68108700A75B9A /* AppDelegate.m in Sources */ = {isa = PBXBuildFile; fileRef = 13B07FB01A68108700A75B9A /* AppDelegate.m */; };
		13B07FBF1A68108700A75B9A /* Images.xcassets in Resources */ = {isa = PBXBuildFile; fileRef = 13B07FB51A68108700A75B9A /* Images.xcassets */; };
		13B07FC11A68108700A75B9A /* main.m in Sources */ = {isa = PBXBuildFile; fileRef = 13B07FB71A68108700A75B9A /* main.m */; };
		81AB9BB82411601600AC10FF /* LaunchScreen.storyboard in Resources */ = {isa = PBXBuildFile; fileRef = 81AB9BB72411601600AC10FF /* LaunchScreen.storyboard */; };
		30BC3593A3554B8088EB583E /* AntDesign.ttf in Resources */ = {isa = PBXBuildFile; fileRef = 72A70E9B429D4627AD2DF041 /* AntDesign.ttf */; };
		45D5153B48054F3ABD6D7FCA /* Entypo.ttf in Resources */ = {isa = PBXBuildFile; fileRef = 910E65E3E0CA4045A01BF34F /* Entypo.ttf */; };
		9F5DE2BAA28540B5A1A0528D /* EvilIcons.ttf in Resources */ = {isa = PBXBuildFile; fileRef = 2E303DA371FF4B11B9DB6EC1 /* EvilIcons.ttf */; };
		189471BAD7C24D639D281297 /* Feather.ttf in Resources */ = {isa = PBXBuildFile; fileRef = CD9BAE8127A244E09AF0775C /* Feather.ttf */; };
		F721374E22EB4497BA1ED23D /* FontAwesome.ttf in Resources */ = {isa = PBXBuildFile; fileRef = 0DDE74E2E6C34EB1B71AD967 /* FontAwesome.ttf */; };
		7A8E7D62F3D5447EB556DDFF /* FontAwesome5_Brands.ttf in Resources */ = {isa = PBXBuildFile; fileRef = D8F436698703409B948E31E4 /* FontAwesome5_Brands.ttf */; };
		FC5C27DF640D422AB2311E8C /* FontAwesome5_Regular.ttf in Resources */ = {isa = PBXBuildFile; fileRef = 4A05F48757DF4AFA9DB8E275 /* FontAwesome5_Regular.ttf */; };
		C3291D385EC942F0B3D0CF64 /* FontAwesome5_Solid.ttf in Resources */ = {isa = PBXBuildFile; fileRef = 8ED2ADF55EEA490EA02EA265 /* FontAwesome5_Solid.ttf */; };
		4949BA0DE8F54A759080E74B /* Fontisto.ttf in Resources */ = {isa = PBXBuildFile; fileRef = E5826E3BCFB7480A8FD6478F /* Fontisto.ttf */; };
		A46A2EFC41F24736840170BF /* Foundation.ttf in Resources */ = {isa = PBXBuildFile; fileRef = B9156722971F4B76B92691B5 /* Foundation.ttf */; };
		62B30912298649168728DF2D /* Ionicons.ttf in Resources */ = {isa = PBXBuildFile; fileRef = BCFD762AF927474F9A6C87B0 /* Ionicons.ttf */; };
		3695A0AC2A1242A9B62670B2 /* MaterialCommunityIcons.ttf in Resources */ = {isa = PBXBuildFile; fileRef = B981D525221449A8AF9BD536 /* MaterialCommunityIcons.ttf */; };
		637855EF5CFD499F94B6F511 /* MaterialIcons.ttf in Resources */ = {isa = PBXBuildFile; fileRef = DBA24FA2D964418EB855B7D1 /* MaterialIcons.ttf */; };
		B3ACF5DBF25341D1B8AF8B15 /* Octicons.ttf in Resources */ = {isa = PBXBuildFile; fileRef = 0B0D3F3311BC4BC580056154 /* Octicons.ttf */; };
		594603A4D0D34FBA80C7A816 /* silka-bold-webfont.ttf in Resources */ = {isa = PBXBuildFile; fileRef = F2318847E3C944A6BC4932D6 /* silka-bold-webfont.ttf */; };
		044DAABD7C864D948E5DDA0C /* silka-light-webfont.ttf in Resources */ = {isa = PBXBuildFile; fileRef = D395361CEF6349F59E23CEFC /* silka-light-webfont.ttf */; };
		3EE254C8EB8749D899807D36 /* silka-medium-webfont.ttf in Resources */ = {isa = PBXBuildFile; fileRef = E5DF08E88603423BB9285839 /* silka-medium-webfont.ttf */; };
		C911AE81FB884C3EABC87C22 /* silka-regular-webfont.ttf in Resources */ = {isa = PBXBuildFile; fileRef = F57139DD54B9447482193476 /* silka-regular-webfont.ttf */; };
		97FDC56786AA40FF93A3D6B4 /* silka-regularitalic-webfont.ttf in Resources */ = {isa = PBXBuildFile; fileRef = 413C0260A28A4376BC6337B7 /* silka-regularitalic-webfont.ttf */; };
		3AE67F05A26E4DB883969524 /* SimpleLineIcons.ttf in Resources */ = {isa = PBXBuildFile; fileRef = B62A86C3D8BB4A78B64AF925 /* SimpleLineIcons.ttf */; };
		F63899E24C214BB08188CC3F /* Zocial.ttf in Resources */ = {isa = PBXBuildFile; fileRef = 27741AD859E440BA93EA69B0 /* Zocial.ttf */; };
		CAB465143EB246348833062F /* AntDesign.ttf in Resources */ = {isa = PBXBuildFile; fileRef = 62C75B9B61F849F5A39BDF91 /* AntDesign.ttf */; };
		2928A9FF797B47A18D0788DD /* Entypo.ttf in Resources */ = {isa = PBXBuildFile; fileRef = 207F78B8935B41D9BFFB6399 /* Entypo.ttf */; };
		4E82E7AC519D4708B73EA767 /* EvilIcons.ttf in Resources */ = {isa = PBXBuildFile; fileRef = 6590D5445381418D9656F6ED /* EvilIcons.ttf */; };
		F616B51976654A68AF73EDF3 /* Feather.ttf in Resources */ = {isa = PBXBuildFile; fileRef = AD6BD063D77C43238F22FF61 /* Feather.ttf */; };
		84E5116884394368B8031248 /* FontAwesome.ttf in Resources */ = {isa = PBXBuildFile; fileRef = 8EF5E6F2E05C4E879F5E0CB9 /* FontAwesome.ttf */; };
		CECCC84BD44F42D1A04EACE9 /* FontAwesome5_Brands.ttf in Resources */ = {isa = PBXBuildFile; fileRef = 85504B8BB8E941F6AFB36652 /* FontAwesome5_Brands.ttf */; };
		66A908460F4F4F4DA24E233D /* FontAwesome5_Regular.ttf in Resources */ = {isa = PBXBuildFile; fileRef = C0F975FBA6014ADAA3C23B12 /* FontAwesome5_Regular.ttf */; };
		B8143AE48A6C423CBA6BE661 /* FontAwesome5_Solid.ttf in Resources */ = {isa = PBXBuildFile; fileRef = EA8A0F14D2DC49AAAE410397 /* FontAwesome5_Solid.ttf */; };
		FE3D8BA4B28D4854B163F594 /* Fontisto.ttf in Resources */ = {isa = PBXBuildFile; fileRef = C9BE1156EE7A46D88D267B65 /* Fontisto.ttf */; };
		00CF8FCA88CC4F319944A1BC /* Foundation.ttf in Resources */ = {isa = PBXBuildFile; fileRef = 7215D48878644CC086400DA6 /* Foundation.ttf */; };
		9F61CAF295E648EDB127BC90 /* Ionicons.ttf in Resources */ = {isa = PBXBuildFile; fileRef = EDF27A6E058A4EC2922926DC /* Ionicons.ttf */; };
		2DF74E488C5A47E782A2136A /* MaterialCommunityIcons.ttf in Resources */ = {isa = PBXBuildFile; fileRef = 7469CC67BA3946C99B53EE4A /* MaterialCommunityIcons.ttf */; };
		B3F371F05756437093829455 /* MaterialIcons.ttf in Resources */ = {isa = PBXBuildFile; fileRef = BC5D81DEFD5541DAA1D1E1F4 /* MaterialIcons.ttf */; };
		9E2751F1E3CD429D9F1F0455 /* Octicons.ttf in Resources */ = {isa = PBXBuildFile; fileRef = BFFF2B877E984566A8244D14 /* Octicons.ttf */; };
		143288A555D645FCA74145DC /* SimpleLineIcons.ttf in Resources */ = {isa = PBXBuildFile; fileRef = 37784E2DB98F428F8215CD46 /* SimpleLineIcons.ttf */; };
		EF52872367BE422997D20BBC /* Zocial.ttf in Resources */ = {isa = PBXBuildFile; fileRef = 7A29FC83F2A740DE9C71E973 /* Zocial.ttf */; };
/* End PBXBuildFile section */

/* Begin PBXContainerItemProxy section */
		00E356F41AD99517003FC87E /* PBXContainerItemProxy */ = {
			isa = PBXContainerItemProxy;
			containerPortal = 83CBB9F71A601CBA00E9B192 /* Project object */;
			proxyType = 1;
			remoteGlobalIDString = 13B07F861A680F5B00A75B9A;
			remoteInfo = groupinappcenter;
		};
/* End PBXContainerItemProxy section */

/* Begin PBXFileReference section */
		00E356EE1AD99517003FC87E /* groupinappcenterTests.xctest */ = {isa = PBXFileReference; explicitFileType = wrapper.cfbundle; includeInIndex = 0; path = groupinappcenterTests.xctest; sourceTree = BUILT_PRODUCTS_DIR; };
		00E356F11AD99517003FC87E /* Info.plist */ = {isa = PBXFileReference; lastKnownFileType = text.plist.xml; path = Info.plist; sourceTree = "<group>"; };
		00E356F21AD99517003FC87E /* groupinappcenterTests.m */ = {isa = PBXFileReference; lastKnownFileType = sourcecode.c.objc; path = groupinappcenterTests.m; sourceTree = "<group>"; };
		13B07F961A680F5B00A75B9A /* groupinappcenter.app */ = {isa = PBXFileReference; explicitFileType = wrapper.application; includeInIndex = 0; path = groupinappcenter.app; sourceTree = BUILT_PRODUCTS_DIR; };
		13B07FAF1A68108700A75B9A /* AppDelegate.h */ = {isa = PBXFileReference; fileEncoding = 4; lastKnownFileType = sourcecode.c.h; name = AppDelegate.h; path = groupinappcenter/AppDelegate.h; sourceTree = "<group>"; };
		13B07FB01A68108700A75B9A /* AppDelegate.m */ = {isa = PBXFileReference; fileEncoding = 4; lastKnownFileType = sourcecode.c.objc; name = AppDelegate.m; path = groupinappcenter/AppDelegate.m; sourceTree = "<group>"; };
		13B07FB51A68108700A75B9A /* Images.xcassets */ = {isa = PBXFileReference; lastKnownFileType = folder.assetcatalog; name = Images.xcassets; path = groupinappcenter/Images.xcassets; sourceTree = "<group>"; };
		13B07FB61A68108700A75B9A /* Info.plist */ = {isa = PBXFileReference; fileEncoding = 4; lastKnownFileType = text.plist.xml; name = Info.plist; path = groupinappcenter/Info.plist; sourceTree = "<group>"; };
		13B07FB71A68108700A75B9A /* main.m */ = {isa = PBXFileReference; fileEncoding = 4; lastKnownFileType = sourcecode.c.objc; name = main.m; path = groupinappcenter/main.m; sourceTree = "<group>"; };
		81AB9BB72411601600AC10FF /* LaunchScreen.storyboard */ = {isa = PBXFileReference; fileEncoding = 4; lastKnownFileType = file.storyboard; name = LaunchScreen.storyboard; path = groupinappcenter/LaunchScreen.storyboard; sourceTree = "<group>"; };
		ED297162215061F000B7C4FE /* JavaScriptCore.framework */ = {isa = PBXFileReference; lastKnownFileType = wrapper.framework; name = JavaScriptCore.framework; path = System/Library/Frameworks/JavaScriptCore.framework; sourceTree = SDKROOT; };
		72A70E9B429D4627AD2DF041 /* AntDesign.ttf */ = {isa = PBXFileReference; name = "AntDesign.ttf"; path = "../assets/fonts/AntDesign.ttf"; sourceTree = "<group>"; fileEncoding = undefined; lastKnownFileType = unknown; explicitFileType = undefined; includeInIndex = 0; };
		910E65E3E0CA4045A01BF34F /* Entypo.ttf */ = {isa = PBXFileReference; name = "Entypo.ttf"; path = "../assets/fonts/Entypo.ttf"; sourceTree = "<group>"; fileEncoding = undefined; lastKnownFileType = unknown; explicitFileType = undefined; includeInIndex = 0; };
		2E303DA371FF4B11B9DB6EC1 /* EvilIcons.ttf */ = {isa = PBXFileReference; name = "EvilIcons.ttf"; path = "../assets/fonts/EvilIcons.ttf"; sourceTree = "<group>"; fileEncoding = undefined; lastKnownFileType = unknown; explicitFileType = undefined; includeInIndex = 0; };
		CD9BAE8127A244E09AF0775C /* Feather.ttf */ = {isa = PBXFileReference; name = "Feather.ttf"; path = "../assets/fonts/Feather.ttf"; sourceTree = "<group>"; fileEncoding = undefined; lastKnownFileType = unknown; explicitFileType = undefined; includeInIndex = 0; };
		0DDE74E2E6C34EB1B71AD967 /* FontAwesome.ttf */ = {isa = PBXFileReference; name = "FontAwesome.ttf"; path = "../assets/fonts/FontAwesome.ttf"; sourceTree = "<group>"; fileEncoding = undefined; lastKnownFileType = unknown; explicitFileType = undefined; includeInIndex = 0; };
		D8F436698703409B948E31E4 /* FontAwesome5_Brands.ttf */ = {isa = PBXFileReference; name = "FontAwesome5_Brands.ttf"; path = "../assets/fonts/FontAwesome5_Brands.ttf"; sourceTree = "<group>"; fileEncoding = undefined; lastKnownFileType = unknown; explicitFileType = undefined; includeInIndex = 0; };
		4A05F48757DF4AFA9DB8E275 /* FontAwesome5_Regular.ttf */ = {isa = PBXFileReference; name = "FontAwesome5_Regular.ttf"; path = "../assets/fonts/FontAwesome5_Regular.ttf"; sourceTree = "<group>"; fileEncoding = undefined; lastKnownFileType = unknown; explicitFileType = undefined; includeInIndex = 0; };
		8ED2ADF55EEA490EA02EA265 /* FontAwesome5_Solid.ttf */ = {isa = PBXFileReference; name = "FontAwesome5_Solid.ttf"; path = "../assets/fonts/FontAwesome5_Solid.ttf"; sourceTree = "<group>"; fileEncoding = undefined; lastKnownFileType = unknown; explicitFileType = undefined; includeInIndex = 0; };
		E5826E3BCFB7480A8FD6478F /* Fontisto.ttf */ = {isa = PBXFileReference; name = "Fontisto.ttf"; path = "../assets/fonts/Fontisto.ttf"; sourceTree = "<group>"; fileEncoding = undefined; lastKnownFileType = unknown; explicitFileType = undefined; includeInIndex = 0; };
		B9156722971F4B76B92691B5 /* Foundation.ttf */ = {isa = PBXFileReference; name = "Foundation.ttf"; path = "../assets/fonts/Foundation.ttf"; sourceTree = "<group>"; fileEncoding = undefined; lastKnownFileType = unknown; explicitFileType = undefined; includeInIndex = 0; };
		BCFD762AF927474F9A6C87B0 /* Ionicons.ttf */ = {isa = PBXFileReference; name = "Ionicons.ttf"; path = "../assets/fonts/Ionicons.ttf"; sourceTree = "<group>"; fileEncoding = undefined; lastKnownFileType = unknown; explicitFileType = undefined; includeInIndex = 0; };
		B981D525221449A8AF9BD536 /* MaterialCommunityIcons.ttf */ = {isa = PBXFileReference; name = "MaterialCommunityIcons.ttf"; path = "../assets/fonts/MaterialCommunityIcons.ttf"; sourceTree = "<group>"; fileEncoding = undefined; lastKnownFileType = unknown; explicitFileType = undefined; includeInIndex = 0; };
		DBA24FA2D964418EB855B7D1 /* MaterialIcons.ttf */ = {isa = PBXFileReference; name = "MaterialIcons.ttf"; path = "../assets/fonts/MaterialIcons.ttf"; sourceTree = "<group>"; fileEncoding = undefined; lastKnownFileType = unknown; explicitFileType = undefined; includeInIndex = 0; };
		0B0D3F3311BC4BC580056154 /* Octicons.ttf */ = {isa = PBXFileReference; name = "Octicons.ttf"; path = "../assets/fonts/Octicons.ttf"; sourceTree = "<group>"; fileEncoding = undefined; lastKnownFileType = unknown; explicitFileType = undefined; includeInIndex = 0; };
		F2318847E3C944A6BC4932D6 /* silka-bold-webfont.ttf */ = {isa = PBXFileReference; name = "silka-bold-webfont.ttf"; path = "../assets/fonts/silka-bold-webfont.ttf"; sourceTree = "<group>"; fileEncoding = undefined; lastKnownFileType = unknown; explicitFileType = undefined; includeInIndex = 0; };
		D395361CEF6349F59E23CEFC /* silka-light-webfont.ttf */ = {isa = PBXFileReference; name = "silka-light-webfont.ttf"; path = "../assets/fonts/silka-light-webfont.ttf"; sourceTree = "<group>"; fileEncoding = undefined; lastKnownFileType = unknown; explicitFileType = undefined; includeInIndex = 0; };
		E5DF08E88603423BB9285839 /* silka-medium-webfont.ttf */ = {isa = PBXFileReference; name = "silka-medium-webfont.ttf"; path = "../assets/fonts/silka-medium-webfont.ttf"; sourceTree = "<group>"; fileEncoding = undefined; lastKnownFileType = unknown; explicitFileType = undefined; includeInIndex = 0; };
		F57139DD54B9447482193476 /* silka-regular-webfont.ttf */ = {isa = PBXFileReference; name = "silka-regular-webfont.ttf"; path = "../assets/fonts/silka-regular-webfont.ttf"; sourceTree = "<group>"; fileEncoding = undefined; lastKnownFileType = unknown; explicitFileType = undefined; includeInIndex = 0; };
		413C0260A28A4376BC6337B7 /* silka-regularitalic-webfont.ttf */ = {isa = PBXFileReference; name = "silka-regularitalic-webfont.ttf"; path = "../assets/fonts/silka-regularitalic-webfont.ttf"; sourceTree = "<group>"; fileEncoding = undefined; lastKnownFileType = unknown; explicitFileType = undefined; includeInIndex = 0; };
		B62A86C3D8BB4A78B64AF925 /* SimpleLineIcons.ttf */ = {isa = PBXFileReference; name = "SimpleLineIcons.ttf"; path = "../assets/fonts/SimpleLineIcons.ttf"; sourceTree = "<group>"; fileEncoding = undefined; lastKnownFileType = unknown; explicitFileType = undefined; includeInIndex = 0; };
		27741AD859E440BA93EA69B0 /* Zocial.ttf */ = {isa = PBXFileReference; name = "Zocial.ttf"; path = "../assets/fonts/Zocial.ttf"; sourceTree = "<group>"; fileEncoding = undefined; lastKnownFileType = unknown; explicitFileType = undefined; includeInIndex = 0; };
		62C75B9B61F849F5A39BDF91 /* AntDesign.ttf */ = {isa = PBXFileReference; name = "AntDesign.ttf"; path = "../node_modules/react-native-vector-icons/Fonts/AntDesign.ttf"; sourceTree = "<group>"; fileEncoding = undefined; lastKnownFileType = unknown; explicitFileType = undefined; includeInIndex = 0; };
		207F78B8935B41D9BFFB6399 /* Entypo.ttf */ = {isa = PBXFileReference; name = "Entypo.ttf"; path = "../node_modules/react-native-vector-icons/Fonts/Entypo.ttf"; sourceTree = "<group>"; fileEncoding = undefined; lastKnownFileType = unknown; explicitFileType = undefined; includeInIndex = 0; };
		6590D5445381418D9656F6ED /* EvilIcons.ttf */ = {isa = PBXFileReference; name = "EvilIcons.ttf"; path = "../node_modules/react-native-vector-icons/Fonts/EvilIcons.ttf"; sourceTree = "<group>"; fileEncoding = undefined; lastKnownFileType = unknown; explicitFileType = undefined; includeInIndex = 0; };
		AD6BD063D77C43238F22FF61 /* Feather.ttf */ = {isa = PBXFileReference; name = "Feather.ttf"; path = "../node_modules/react-native-vector-icons/Fonts/Feather.ttf"; sourceTree = "<group>"; fileEncoding = undefined; lastKnownFileType = unknown; explicitFileType = undefined; includeInIndex = 0; };
		8EF5E6F2E05C4E879F5E0CB9 /* FontAwesome.ttf */ = {isa = PBXFileReference; name = "FontAwesome.ttf"; path = "../node_modules/react-native-vector-icons/Fonts/FontAwesome.ttf"; sourceTree = "<group>"; fileEncoding = undefined; lastKnownFileType = unknown; explicitFileType = undefined; includeInIndex = 0; };
		85504B8BB8E941F6AFB36652 /* FontAwesome5_Brands.ttf */ = {isa = PBXFileReference; name = "FontAwesome5_Brands.ttf"; path = "../node_modules/react-native-vector-icons/Fonts/FontAwesome5_Brands.ttf"; sourceTree = "<group>"; fileEncoding = undefined; lastKnownFileType = unknown; explicitFileType = undefined; includeInIndex = 0; };
		C0F975FBA6014ADAA3C23B12 /* FontAwesome5_Regular.ttf */ = {isa = PBXFileReference; name = "FontAwesome5_Regular.ttf"; path = "../node_modules/react-native-vector-icons/Fonts/FontAwesome5_Regular.ttf"; sourceTree = "<group>"; fileEncoding = undefined; lastKnownFileType = unknown; explicitFileType = undefined; includeInIndex = 0; };
		EA8A0F14D2DC49AAAE410397 /* FontAwesome5_Solid.ttf */ = {isa = PBXFileReference; name = "FontAwesome5_Solid.ttf"; path = "../node_modules/react-native-vector-icons/Fonts/FontAwesome5_Solid.ttf"; sourceTree = "<group>"; fileEncoding = undefined; lastKnownFileType = unknown; explicitFileType = undefined; includeInIndex = 0; };
		C9BE1156EE7A46D88D267B65 /* Fontisto.ttf */ = {isa = PBXFileReference; name = "Fontisto.ttf"; path = "../node_modules/react-native-vector-icons/Fonts/Fontisto.ttf"; sourceTree = "<group>"; fileEncoding = undefined; lastKnownFileType = unknown; explicitFileType = undefined; includeInIndex = 0; };
		7215D48878644CC086400DA6 /* Foundation.ttf */ = {isa = PBXFileReference; name = "Foundation.ttf"; path = "../node_modules/react-native-vector-icons/Fonts/Foundation.ttf"; sourceTree = "<group>"; fileEncoding = undefined; lastKnownFileType = unknown; explicitFileType = undefined; includeInIndex = 0; };
		EDF27A6E058A4EC2922926DC /* Ionicons.ttf */ = {isa = PBXFileReference; name = "Ionicons.ttf"; path = "../node_modules/react-native-vector-icons/Fonts/Ionicons.ttf"; sourceTree = "<group>"; fileEncoding = undefined; lastKnownFileType = unknown; explicitFileType = undefined; includeInIndex = 0; };
		7469CC67BA3946C99B53EE4A /* MaterialCommunityIcons.ttf */ = {isa = PBXFileReference; name = "MaterialCommunityIcons.ttf"; path = "../node_modules/react-native-vector-icons/Fonts/MaterialCommunityIcons.ttf"; sourceTree = "<group>"; fileEncoding = undefined; lastKnownFileType = unknown; explicitFileType = undefined; includeInIndex = 0; };
		BC5D81DEFD5541DAA1D1E1F4 /* MaterialIcons.ttf */ = {isa = PBXFileReference; name = "MaterialIcons.ttf"; path = "../node_modules/react-native-vector-icons/Fonts/MaterialIcons.ttf"; sourceTree = "<group>"; fileEncoding = undefined; lastKnownFileType = unknown; explicitFileType = undefined; includeInIndex = 0; };
		BFFF2B877E984566A8244D14 /* Octicons.ttf */ = {isa = PBXFileReference; name = "Octicons.ttf"; path = "../node_modules/react-native-vector-icons/Fonts/Octicons.ttf"; sourceTree = "<group>"; fileEncoding = undefined; lastKnownFileType = unknown; explicitFileType = undefined; includeInIndex = 0; };
		37784E2DB98F428F8215CD46 /* SimpleLineIcons.ttf */ = {isa = PBXFileReference; name = "SimpleLineIcons.ttf"; path = "../node_modules/react-native-vector-icons/Fonts/SimpleLineIcons.ttf"; sourceTree = "<group>"; fileEncoding = undefined; lastKnownFileType = unknown; explicitFileType = undefined; includeInIndex = 0; };
		7A29FC83F2A740DE9C71E973 /* Zocial.ttf */ = {isa = PBXFileReference; name = "Zocial.ttf"; path = "../node_modules/react-native-vector-icons/Fonts/Zocial.ttf"; sourceTree = "<group>"; fileEncoding = undefined; lastKnownFileType = unknown; explicitFileType = undefined; includeInIndex = 0; };
/* End PBXFileReference section */

/* Begin PBXFrameworksBuildPhase section */
		00E356EB1AD99517003FC87E /* Frameworks */ = {
			isa = PBXFrameworksBuildPhase;
			buildActionMask = 2147483647;
			files = (
			);
			runOnlyForDeploymentPostprocessing = 0;
		};
		13B07F8C1A680F5B00A75B9A /* Frameworks */ = {
			isa = PBXFrameworksBuildPhase;
			buildActionMask = 2147483647;
			files = (
			);
			runOnlyForDeploymentPostprocessing = 0;
		};
/* End PBXFrameworksBuildPhase section */

/* Begin PBXGroup section */
		00E356EF1AD99517003FC87E /* groupinappcenterTests */ = {
			isa = PBXGroup;
			children = (
				00E356F21AD99517003FC87E /* groupinappcenterTests.m */,
				00E356F01AD99517003FC87E /* Supporting Files */,
			);
			path = groupinappcenterTests;
			sourceTree = "<group>";
		};
		00E356F01AD99517003FC87E /* Supporting Files */ = {
			isa = PBXGroup;
			children = (
				00E356F11AD99517003FC87E /* Info.plist */,
			);
			name = "Supporting Files";
			sourceTree = "<group>";
		};
		13B07FAE1A68108700A75B9A /* groupinappcenter */ = {
			isa = PBXGroup;
			children = (
				13B07FAF1A68108700A75B9A /* AppDelegate.h */,
				13B07FB01A68108700A75B9A /* AppDelegate.m */,
				13B07FB51A68108700A75B9A /* Images.xcassets */,
				13B07FB61A68108700A75B9A /* Info.plist */,
				81AB9BB72411601600AC10FF /* LaunchScreen.storyboard */,
				13B07FB71A68108700A75B9A /* main.m */,
			);
			name = groupinappcenter;
			sourceTree = "<group>";
		};
		2D16E6871FA4F8E400B85C8A /* Frameworks */ = {
			isa = PBXGroup;
			children = (
				ED297162215061F000B7C4FE /* JavaScriptCore.framework */,
			);
			name = Frameworks;
			sourceTree = "<group>";
		};
		832341AE1AAA6A7D00B99B32 /* Libraries */ = {
			isa = PBXGroup;
			children = (
			);
			name = Libraries;
			sourceTree = "<group>";
		};
		83CBB9F61A601CBA00E9B192 = {
			isa = PBXGroup;
			children = (
				13B07FAE1A68108700A75B9A /* groupinappcenter */,
				832341AE1AAA6A7D00B99B32 /* Libraries */,
				00E356EF1AD99517003FC87E /* groupinappcenterTests */,
				83CBBA001A601CBA00E9B192 /* Products */,
				2D16E6871FA4F8E400B85C8A /* Frameworks */,
				C54508CB6ADA4CC489DF06C7 /* Resources */,
			);
			indentWidth = 2;
			sourceTree = "<group>";
			tabWidth = 2;
			usesTabs = 0;
		};
		83CBBA001A601CBA00E9B192 /* Products */ = {
			isa = PBXGroup;
			children = (
				13B07F961A680F5B00A75B9A /* groupinappcenter.app */,
				00E356EE1AD99517003FC87E /* groupinappcenterTests.xctest */,
			);
			name = Products;
			sourceTree = "<group>";
		};
		C54508CB6ADA4CC489DF06C7 /* Resources */ = {
			isa = "PBXGroup";
			children = (
				72A70E9B429D4627AD2DF041 /* AntDesign.ttf */,
				910E65E3E0CA4045A01BF34F /* Entypo.ttf */,
				2E303DA371FF4B11B9DB6EC1 /* EvilIcons.ttf */,
				CD9BAE8127A244E09AF0775C /* Feather.ttf */,
				0DDE74E2E6C34EB1B71AD967 /* FontAwesome.ttf */,
				D8F436698703409B948E31E4 /* FontAwesome5_Brands.ttf */,
				4A05F48757DF4AFA9DB8E275 /* FontAwesome5_Regular.ttf */,
				8ED2ADF55EEA490EA02EA265 /* FontAwesome5_Solid.ttf */,
				E5826E3BCFB7480A8FD6478F /* Fontisto.ttf */,
				B9156722971F4B76B92691B5 /* Foundation.ttf */,
				BCFD762AF927474F9A6C87B0 /* Ionicons.ttf */,
				B981D525221449A8AF9BD536 /* MaterialCommunityIcons.ttf */,
				DBA24FA2D964418EB855B7D1 /* MaterialIcons.ttf */,
				0B0D3F3311BC4BC580056154 /* Octicons.ttf */,
				F2318847E3C944A6BC4932D6 /* silka-bold-webfont.ttf */,
				D395361CEF6349F59E23CEFC /* silka-light-webfont.ttf */,
				E5DF08E88603423BB9285839 /* silka-medium-webfont.ttf */,
				F57139DD54B9447482193476 /* silka-regular-webfont.ttf */,
				413C0260A28A4376BC6337B7 /* silka-regularitalic-webfont.ttf */,
				B62A86C3D8BB4A78B64AF925 /* SimpleLineIcons.ttf */,
				27741AD859E440BA93EA69B0 /* Zocial.ttf */,
				62C75B9B61F849F5A39BDF91 /* AntDesign.ttf */,
				207F78B8935B41D9BFFB6399 /* Entypo.ttf */,
				6590D5445381418D9656F6ED /* EvilIcons.ttf */,
				AD6BD063D77C43238F22FF61 /* Feather.ttf */,
				8EF5E6F2E05C4E879F5E0CB9 /* FontAwesome.ttf */,
				85504B8BB8E941F6AFB36652 /* FontAwesome5_Brands.ttf */,
				C0F975FBA6014ADAA3C23B12 /* FontAwesome5_Regular.ttf */,
				EA8A0F14D2DC49AAAE410397 /* FontAwesome5_Solid.ttf */,
				C9BE1156EE7A46D88D267B65 /* Fontisto.ttf */,
				7215D48878644CC086400DA6 /* Foundation.ttf */,
				EDF27A6E058A4EC2922926DC /* Ionicons.ttf */,
				7469CC67BA3946C99B53EE4A /* MaterialCommunityIcons.ttf */,
				BC5D81DEFD5541DAA1D1E1F4 /* MaterialIcons.ttf */,
				BFFF2B877E984566A8244D14 /* Octicons.ttf */,
				37784E2DB98F428F8215CD46 /* SimpleLineIcons.ttf */,
				7A29FC83F2A740DE9C71E973 /* Zocial.ttf */,
			);
			name = Resources;
			sourceTree = "<group>";
			path = "";
		};
/* End PBXGroup section */

/* Begin PBXNativeTarget section */
		00E356ED1AD99517003FC87E /* groupinappcenterTests */ = {
			isa = PBXNativeTarget;
			buildConfigurationList = 00E357021AD99517003FC87E /* Build configuration list for PBXNativeTarget "groupinappcenterTests" */;
			buildPhases = (
				00E356EA1AD99517003FC87E /* Sources */,
				00E356EB1AD99517003FC87E /* Frameworks */,
				00E356EC1AD99517003FC87E /* Resources */,
			);
			buildRules = (
			);
			dependencies = (
				00E356F51AD99517003FC87E /* PBXTargetDependency */,
			);
			name = groupinappcenterTests;
			productName = groupinappcenterTests;
			productReference = 00E356EE1AD99517003FC87E /* groupinappcenterTests.xctest */;
			productType = "com.apple.product-type.bundle.unit-test";
		};
		13B07F861A680F5B00A75B9A /* groupinappcenter */ = {
			isa = PBXNativeTarget;
			buildConfigurationList = 13B07F931A680F5B00A75B9A /* Build configuration list for PBXNativeTarget "groupinappcenter" */;
			buildPhases = (
				FD10A7F022414F080027D42C /* Start Packager */,
				13B07F871A680F5B00A75B9A /* Sources */,
				13B07F8C1A680F5B00A75B9A /* Frameworks */,
				13B07F8E1A680F5B00A75B9A /* Resources */,
				00DD1BFF1BD5951E006B06BC /* Bundle React Native code and images */,
			);
			buildRules = (
			);
			dependencies = (
			);
			name = groupinappcenter;
			productName = groupinappcenter;
			productReference = 13B07F961A680F5B00A75B9A /* groupinappcenter.app */;
			productType = "com.apple.product-type.application";
		};
/* End PBXNativeTarget section */

/* Begin PBXProject section */
		83CBB9F71A601CBA00E9B192 /* Project object */ = {
			isa = PBXProject;
			attributes = {
				LastUpgradeCheck = 1210;
				TargetAttributes = {
					00E356ED1AD99517003FC87E = {
						CreatedOnToolsVersion = 6.2;
						TestTargetID = 13B07F861A680F5B00A75B9A;
					};
					13B07F861A680F5B00A75B9A = {
						LastSwiftMigration = 1120;
					};
				};
			};
			buildConfigurationList = 83CBB9FA1A601CBA00E9B192 /* Build configuration list for PBXProject "groupinappcenter" */;
			compatibilityVersion = "Xcode 12.0";
			developmentRegion = en;
			hasScannedForEncodings = 0;
			knownRegions = (
				en,
				Base,
			);
			mainGroup = 83CBB9F61A601CBA00E9B192;
			productRefGroup = 83CBBA001A601CBA00E9B192 /* Products */;
			projectDirPath = "";
			projectRoot = "";
			targets = (
				13B07F861A680F5B00A75B9A /* groupinappcenter */,
				00E356ED1AD99517003FC87E /* groupinappcenterTests */,
			);
		};
/* End PBXProject section */

/* Begin PBXResourcesBuildPhase section */
		00E356EC1AD99517003FC87E /* Resources */ = {
			isa = PBXResourcesBuildPhase;
			buildActionMask = 2147483647;
			files = (
			);
			runOnlyForDeploymentPostprocessing = 0;
		};
		13B07F8E1A680F5B00A75B9A /* Resources */ = {
			isa = PBXResourcesBuildPhase;
			buildActionMask = 2147483647;
			files = (
				81AB9BB82411601600AC10FF /* LaunchScreen.storyboard in Resources */,
				13B07FBF1A68108700A75B9A /* Images.xcassets in Resources */,
				30BC3593A3554B8088EB583E /* AntDesign.ttf in Resources */,
				45D5153B48054F3ABD6D7FCA /* Entypo.ttf in Resources */,
				9F5DE2BAA28540B5A1A0528D /* EvilIcons.ttf in Resources */,
				189471BAD7C24D639D281297 /* Feather.ttf in Resources */,
				F721374E22EB4497BA1ED23D /* FontAwesome.ttf in Resources */,
				7A8E7D62F3D5447EB556DDFF /* FontAwesome5_Brands.ttf in Resources */,
				FC5C27DF640D422AB2311E8C /* FontAwesome5_Regular.ttf in Resources */,
				C3291D385EC942F0B3D0CF64 /* FontAwesome5_Solid.ttf in Resources */,
				4949BA0DE8F54A759080E74B /* Fontisto.ttf in Resources */,
				A46A2EFC41F24736840170BF /* Foundation.ttf in Resources */,
				62B30912298649168728DF2D /* Ionicons.ttf in Resources */,
				3695A0AC2A1242A9B62670B2 /* MaterialCommunityIcons.ttf in Resources */,
				637855EF5CFD499F94B6F511 /* MaterialIcons.ttf in Resources */,
				B3ACF5DBF25341D1B8AF8B15 /* Octicons.ttf in Resources */,
				594603A4D0D34FBA80C7A816 /* silka-bold-webfont.ttf in Resources */,
				044DAABD7C864D948E5DDA0C /* silka-light-webfont.ttf in Resources */,
				3EE254C8EB8749D899807D36 /* silka-medium-webfont.ttf in Resources */,
				C911AE81FB884C3EABC87C22 /* silka-regular-webfont.ttf in Resources */,
				97FDC56786AA40FF93A3D6B4 /* silka-regularitalic-webfont.ttf in Resources */,
				3AE67F05A26E4DB883969524 /* SimpleLineIcons.ttf in Resources */,
				F63899E24C214BB08188CC3F /* Zocial.ttf in Resources */,
				CAB465143EB246348833062F /* AntDesign.ttf in Resources */,
				2928A9FF797B47A18D0788DD /* Entypo.ttf in Resources */,
				4E82E7AC519D4708B73EA767 /* EvilIcons.ttf in Resources */,
				F616B51976654A68AF73EDF3 /* Feather.ttf in Resources */,
				84E5116884394368B8031248 /* FontAwesome.ttf in Resources */,
				CECCC84BD44F42D1A04EACE9 /* FontAwesome5_Brands.ttf in Resources */,
				66A908460F4F4F4DA24E233D /* FontAwesome5_Regular.ttf in Resources */,
				B8143AE48A6C423CBA6BE661 /* FontAwesome5_Solid.ttf in Resources */,
				FE3D8BA4B28D4854B163F594 /* Fontisto.ttf in Resources */,
				00CF8FCA88CC4F319944A1BC /* Foundation.ttf in Resources */,
				9F61CAF295E648EDB127BC90 /* Ionicons.ttf in Resources */,
				2DF74E488C5A47E782A2136A /* MaterialCommunityIcons.ttf in Resources */,
				B3F371F05756437093829455 /* MaterialIcons.ttf in Resources */,
				9E2751F1E3CD429D9F1F0455 /* Octicons.ttf in Resources */,
				143288A555D645FCA74145DC /* SimpleLineIcons.ttf in Resources */,
				EF52872367BE422997D20BBC /* Zocial.ttf in Resources */,
			);
			runOnlyForDeploymentPostprocessing = 0;
		};
/* End PBXResourcesBuildPhase section */

/* Begin PBXShellScriptBuildPhase section */
		00DD1BFF1BD5951E006B06BC /* Bundle React Native code and images */ = {
			isa = PBXShellScriptBuildPhase;
			buildActionMask = 2147483647;
			files = (
			);
			inputPaths = (
			);
			name = "Bundle React Native code and images";
			outputPaths = (
			);
			runOnlyForDeploymentPostprocessing = 0;
			shellPath = /bin/sh;
			shellScript = "set -e\n\nexport NODE_BINARY=node\n../node_modules/react-native/scripts/react-native-xcode.sh\n";
		};
		FD10A7F022414F080027D42C /* Start Packager */ = {
			isa = PBXShellScriptBuildPhase;
			buildActionMask = 2147483647;
			files = (
			);
			inputFileListPaths = (
			);
			inputPaths = (
			);
			name = "Start Packager";
			outputFileListPaths = (
			);
			outputPaths = (
			);
			runOnlyForDeploymentPostprocessing = 0;
			shellPath = /bin/sh;
			shellScript = "export RCT_METRO_PORT=\"${RCT_METRO_PORT:=8081}\"\necho \"export RCT_METRO_PORT=${RCT_METRO_PORT}\" > \"${SRCROOT}/../node_modules/react-native/scripts/.packager.env\"\nif [ -z \"${RCT_NO_LAUNCH_PACKAGER+xxx}\" ] ; then\n  if nc -w 5 -z localhost ${RCT_METRO_PORT} ; then\n    if ! curl -s \"http://localhost:${RCT_METRO_PORT}/status\" | grep -q \"packager-status:running\" ; then\n      echo \"Port ${RCT_METRO_PORT} already in use, packager is either not running or not running correctly\"\n      exit 2\n    fi\n  else\n    open \"$SRCROOT/../node_modules/react-native/scripts/launchPackager.command\" || echo \"Can't start packager automatically\"\n  fi\nfi\n";
			showEnvVarsInLog = 0;
		};
/* End PBXShellScriptBuildPhase section */

/* Begin PBXSourcesBuildPhase section */
		00E356EA1AD99517003FC87E /* Sources */ = {
			isa = PBXSourcesBuildPhase;
			buildActionMask = 2147483647;
			files = (
				00E356F31AD99517003FC87E /* groupinappcenterTests.m in Sources */,
			);
			runOnlyForDeploymentPostprocessing = 0;
		};
		13B07F871A680F5B00A75B9A /* Sources */ = {
			isa = PBXSourcesBuildPhase;
			buildActionMask = 2147483647;
			files = (
				13B07FBC1A68108700A75B9A /* AppDelegate.m in Sources */,
				13B07FC11A68108700A75B9A /* main.m in Sources */,
			);
			runOnlyForDeploymentPostprocessing = 0;
		};
/* End PBXSourcesBuildPhase section */

/* Begin PBXTargetDependency section */
		00E356F51AD99517003FC87E /* PBXTargetDependency */ = {
			isa = PBXTargetDependency;
			target = 13B07F861A680F5B00A75B9A /* groupinappcenter */;
			targetProxy = 00E356F41AD99517003FC87E /* PBXContainerItemProxy */;
		};
/* End PBXTargetDependency section */

/* Begin XCBuildConfiguration section */
		00E356F61AD99517003FC87E /* Debug */ = {
			isa = XCBuildConfiguration;
			buildSettings = {
				BUNDLE_LOADER = "$(TEST_HOST)";
				GCC_PREPROCESSOR_DEFINITIONS = (
					"DEBUG=1",
					"$(inherited)",
				);
				INFOPLIST_FILE = groupinappcenterTests/Info.plist;
				IPHONEOS_DEPLOYMENT_TARGET = 10.0;
				LD_RUNPATH_SEARCH_PATHS = (
					"$(inherited)",
					"@executable_path/Frameworks",
					"@loader_path/Frameworks",
				);
				OTHER_LDFLAGS = (
					"-ObjC",
					"-lc++",
					"$(inherited)",
				);
				PRODUCT_BUNDLE_IDENTIFIER = "org.reactjs.native.example.$(PRODUCT_NAME:rfc1034identifier)";
				PRODUCT_NAME = "$(TARGET_NAME)";
				TEST_HOST = "$(BUILT_PRODUCTS_DIR)/groupinappcenter.app/groupinappcenter";
			};
			name = Debug;
		};
		00E356F71AD99517003FC87E /* Release */ = {
			isa = XCBuildConfiguration;
			buildSettings = {
				BUNDLE_LOADER = "$(TEST_HOST)";
				COPY_PHASE_STRIP = NO;
				INFOPLIST_FILE = groupinappcenterTests/Info.plist;
				IPHONEOS_DEPLOYMENT_TARGET = 10.0;
				LD_RUNPATH_SEARCH_PATHS = (
					"$(inherited)",
					"@executable_path/Frameworks",
					"@loader_path/Frameworks",
				);
				OTHER_LDFLAGS = (
					"-ObjC",
					"-lc++",
					"$(inherited)",
				);
				PRODUCT_BUNDLE_IDENTIFIER = "org.reactjs.native.example.$(PRODUCT_NAME:rfc1034identifier)";
				PRODUCT_NAME = "$(TARGET_NAME)";
				TEST_HOST = "$(BUILT_PRODUCTS_DIR)/groupinappcenter.app/groupinappcenter";
			};
			name = Release;
		};
		13B07F941A680F5B00A75B9A /* Debug */ = {
			isa = XCBuildConfiguration;
			buildSettings = {
				ASSETCATALOG_COMPILER_APPICON_NAME = AppIcon;
				CLANG_ENABLE_MODULES = YES;
				CURRENT_PROJECT_VERSION = 1;
				ENABLE_BITCODE = NO;
				INFOPLIST_FILE = groupinappcenter/Info.plist;
				LD_RUNPATH_SEARCH_PATHS = (
					"$(inherited)",
					"@executable_path/Frameworks",
				);
				OTHER_LDFLAGS = (
					"$(inherited)",
					"-ObjC",
					"-lc++",
				);
				PRODUCT_BUNDLE_IDENTIFIER = "org.reactjs.native.example.$(PRODUCT_NAME:rfc1034identifier)";
				PRODUCT_NAME = groupinappcenter;
				SWIFT_OPTIMIZATION_LEVEL = "-Onone";
				SWIFT_VERSION = 5.0;
				VERSIONING_SYSTEM = "apple-generic";
			};
			name = Debug;
		};
		13B07F951A680F5B00A75B9A /* Release */ = {
			isa = XCBuildConfiguration;
			buildSettings = {
				ASSETCATALOG_COMPILER_APPICON_NAME = AppIcon;
				CLANG_ENABLE_MODULES = YES;
				CURRENT_PROJECT_VERSION = 1;
				INFOPLIST_FILE = groupinappcenter/Info.plist;
				LD_RUNPATH_SEARCH_PATHS = (
					"$(inherited)",
					"@executable_path/Frameworks",
				);
				OTHER_LDFLAGS = (
					"$(inherited)",
					"-ObjC",
					"-lc++",
				);
				PRODUCT_BUNDLE_IDENTIFIER = "org.reactjs.native.example.$(PRODUCT_NAME:rfc1034identifier)";
				PRODUCT_NAME = groupinappcenter;
				SWIFT_VERSION = 5.0;
				VERSIONING_SYSTEM = "apple-generic";
			};
			name = Release;
		};
		83CBBA201A601CBA00E9B192 /* Debug */ = {
			isa = XCBuildConfiguration;
			buildSettings = {
				ALWAYS_SEARCH_USER_PATHS = NO;
				CLANG_ANALYZER_LOCALIZABILITY_NONLOCALIZED = YES;
				CLANG_CXX_LANGUAGE_STANDARD = "gnu++0x";
				CLANG_CXX_LIBRARY = "libc++";
				CLANG_ENABLE_MODULES = YES;
				CLANG_ENABLE_OBJC_ARC = YES;
				CLANG_WARN_BLOCK_CAPTURE_AUTORELEASING = YES;
				CLANG_WARN_BOOL_CONVERSION = YES;
				CLANG_WARN_COMMA = YES;
				CLANG_WARN_CONSTANT_CONVERSION = YES;
				CLANG_WARN_DEPRECATED_OBJC_IMPLEMENTATIONS = YES;
				CLANG_WARN_DIRECT_OBJC_ISA_USAGE = YES_ERROR;
				CLANG_WARN_EMPTY_BODY = YES;
				CLANG_WARN_ENUM_CONVERSION = YES;
				CLANG_WARN_INFINITE_RECURSION = YES;
				CLANG_WARN_INT_CONVERSION = YES;
				CLANG_WARN_NON_LITERAL_NULL_CONVERSION = YES;
				CLANG_WARN_OBJC_IMPLICIT_RETAIN_SELF = YES;
				CLANG_WARN_OBJC_LITERAL_CONVERSION = YES;
				CLANG_WARN_OBJC_ROOT_CLASS = YES_ERROR;
				CLANG_WARN_QUOTED_INCLUDE_IN_FRAMEWORK_HEADER = YES;
				CLANG_WARN_RANGE_LOOP_ANALYSIS = YES;
				CLANG_WARN_STRICT_PROTOTYPES = YES;
				CLANG_WARN_SUSPICIOUS_MOVE = YES;
				CLANG_WARN_UNREACHABLE_CODE = YES;
				CLANG_WARN__DUPLICATE_METHOD_MATCH = YES;
				"CODE_SIGN_IDENTITY[sdk=iphoneos*]" = "iPhone Developer";
				COPY_PHASE_STRIP = NO;
				ENABLE_STRICT_OBJC_MSGSEND = YES;
				ENABLE_TESTABILITY = YES;
				GCC_C_LANGUAGE_STANDARD = gnu99;
				GCC_DYNAMIC_NO_PIC = NO;
				GCC_NO_COMMON_BLOCKS = YES;
				GCC_OPTIMIZATION_LEVEL = 0;
				GCC_PREPROCESSOR_DEFINITIONS = (
					"DEBUG=1",
					"$(inherited)",
				);
				GCC_SYMBOLS_PRIVATE_EXTERN = NO;
				GCC_WARN_64_TO_32_BIT_CONVERSION = YES;
				GCC_WARN_ABOUT_RETURN_TYPE = YES_ERROR;
				GCC_WARN_UNDECLARED_SELECTOR = YES;
				GCC_WARN_UNINITIALIZED_AUTOS = YES_AGGRESSIVE;
				GCC_WARN_UNUSED_FUNCTION = YES;
				GCC_WARN_UNUSED_VARIABLE = YES;
				IPHONEOS_DEPLOYMENT_TARGET = 10.0;
				LD_RUNPATH_SEARCH_PATHS = (
					/usr/lib/swift,
					"$(inherited)",
				);
				LIBRARY_SEARCH_PATHS = (
					"\"$(TOOLCHAIN_DIR)/usr/lib/swift/$(PLATFORM_NAME)\"",
					"\"$(TOOLCHAIN_DIR)/usr/lib/swift-5.0/$(PLATFORM_NAME)\"",
					"\"$(inherited)\"",
				);
				MTL_ENABLE_DEBUG_INFO = YES;
				ONLY_ACTIVE_ARCH = YES;
				SDKROOT = iphoneos;
			};
			name = Debug;
		};
		83CBBA211A601CBA00E9B192 /* Release */ = {
			isa = XCBuildConfiguration;
			buildSettings = {
				ALWAYS_SEARCH_USER_PATHS = NO;
				CLANG_ANALYZER_LOCALIZABILITY_NONLOCALIZED = YES;
				CLANG_CXX_LANGUAGE_STANDARD = "gnu++0x";
				CLANG_CXX_LIBRARY = "libc++";
				CLANG_ENABLE_MODULES = YES;
				CLANG_ENABLE_OBJC_ARC = YES;
				CLANG_WARN_BLOCK_CAPTURE_AUTORELEASING = YES;
				CLANG_WARN_BOOL_CONVERSION = YES;
				CLANG_WARN_COMMA = YES;
				CLANG_WARN_CONSTANT_CONVERSION = YES;
				CLANG_WARN_DEPRECATED_OBJC_IMPLEMENTATIONS = YES;
				CLANG_WARN_DIRECT_OBJC_ISA_USAGE = YES_ERROR;
				CLANG_WARN_EMPTY_BODY = YES;
				CLANG_WARN_ENUM_CONVERSION = YES;
				CLANG_WARN_INFINITE_RECURSION = YES;
				CLANG_WARN_INT_CONVERSION = YES;
				CLANG_WARN_NON_LITERAL_NULL_CONVERSION = YES;
				CLANG_WARN_OBJC_IMPLICIT_RETAIN_SELF = YES;
				CLANG_WARN_OBJC_LITERAL_CONVERSION = YES;
				CLANG_WARN_OBJC_ROOT_CLASS = YES_ERROR;
				CLANG_WARN_QUOTED_INCLUDE_IN_FRAMEWORK_HEADER = YES;
				CLANG_WARN_RANGE_LOOP_ANALYSIS = YES;
				CLANG_WARN_STRICT_PROTOTYPES = YES;
				CLANG_WARN_SUSPICIOUS_MOVE = YES;
				CLANG_WARN_UNREACHABLE_CODE = YES;
				CLANG_WARN__DUPLICATE_METHOD_MATCH = YES;
				"CODE_SIGN_IDENTITY[sdk=iphoneos*]" = "iPhone Developer";
				COPY_PHASE_STRIP = YES;
				ENABLE_NS_ASSERTIONS = NO;
				ENABLE_STRICT_OBJC_MSGSEND = YES;
				GCC_C_LANGUAGE_STANDARD = gnu99;
				GCC_NO_COMMON_BLOCKS = YES;
				GCC_WARN_64_TO_32_BIT_CONVERSION = YES;
				GCC_WARN_ABOUT_RETURN_TYPE = YES_ERROR;
				GCC_WARN_UNDECLARED_SELECTOR = YES;
				GCC_WARN_UNINITIALIZED_AUTOS = YES_AGGRESSIVE;
				GCC_WARN_UNUSED_FUNCTION = YES;
				GCC_WARN_UNUSED_VARIABLE = YES;
				IPHONEOS_DEPLOYMENT_TARGET = 10.0;
				LD_RUNPATH_SEARCH_PATHS = (
					/usr/lib/swift,
					"$(inherited)",
				);
				LIBRARY_SEARCH_PATHS = (
					"\"$(TOOLCHAIN_DIR)/usr/lib/swift/$(PLATFORM_NAME)\"",
					"\"$(TOOLCHAIN_DIR)/usr/lib/swift-5.0/$(PLATFORM_NAME)\"",
					"\"$(inherited)\"",
				);
				MTL_ENABLE_DEBUG_INFO = NO;
				SDKROOT = iphoneos;
				VALIDATE_PRODUCT = YES;
			};
			name = Release;
		};
/* End XCBuildConfiguration section */

/* Begin XCConfigurationList section */
		00E357021AD99517003FC87E /* Build configuration list for PBXNativeTarget "groupinappcenterTests" */ = {
			isa = XCConfigurationList;
			buildConfigurations = (
				00E356F61AD99517003FC87E /* Debug */,
				00E356F71AD99517003FC87E /* Release */,
			);
			defaultConfigurationIsVisible = 0;
			defaultConfigurationName = Release;
		};
		13B07F931A680F5B00A75B9A /* Build configuration list for PBXNativeTarget "groupinappcenter" */ = {
			isa = XCConfigurationList;
			buildConfigurations = (
				13B07F941A680F5B00A75B9A /* Debug */,
				13B07F951A680F5B00A75B9A /* Release */,
			);
			defaultConfigurationIsVisible = 0;
			defaultConfigurationName = Release;
		};
		83CBB9FA1A601CBA00E9B192 /* Build configuration list for PBXProject "groupinappcenter" */ = {
			isa = XCConfigurationList;
			buildConfigurations = (
				83CBBA201A601CBA00E9B192 /* Debug */,
				83CBBA211A601CBA00E9B192 /* Release */,
			);
			defaultConfigurationIsVisible = 0;
			defaultConfigurationName = Release;
		};
/* End XCConfigurationList section */
	};
	rootObject = 83CBB9F71A601CBA00E9B192 /* Project object */;
}
